
Microsoft Visual Studio Solution File, Format Version 12.00
# Visual Studio Version 17
VisualStudioVersion = 17.4.33205.214
MinimumVisualStudioVersion = 10.0.40219.1
Project("{FAE04EC0-301F-11D3-BF4B-00C04F79EFBC}") = "Demo.ListView.UWP", "Demo.ListView\Demo.ListView.UWP\Demo.ListView.UWP.csproj", "{44D6D7E8-9CD7-4978-9021-02769D6E1EE1}"
EndProject
Project("{FAE04EC0-301F-11D3-BF4B-00C04F79EFBC}") = "Demo.ListView.Android", "Demo.ListView\Demo.ListView.Android\Demo.ListView.Android.csproj", "{5956E866-5D96-4127-AED5-A5B567160793}"
EndProject
Project("{FAE04EC0-301F-11D3-BF4B-00C04F79EFBC}") = "Demo.ListView.iOS", "Demo.ListView\Demo.ListView.iOS\Demo.ListView.iOS.csproj", "{15BD7C70-4839-4D38-9E68-8C7D1BEC9B78}"
EndProject
Project("{FAE04EC0-301F-11D3-BF4B-00C04F79EFBC}") = "Demo.ListView", "Demo.ListView\Demo.ListView\Demo.ListView.csproj", "{934B2CD3-37DD-45A2-B662-88132DEF9E99}"
EndProject
Global
	GlobalSection(SolutionConfigurationPlatforms) = preSolution
		Debug|Any CPU = Debug|Any CPU
		Debug|ARM = Debug|ARM
		Debug|iPhone = Debug|iPhone
		Debug|iPhoneSimulator = Debug|iPhoneSimulator
		Debug|x64 = Debug|x64
		Debug|x86 = Debug|x86
		Release|Any CPU = Release|Any CPU
		Release|ARM = Release|ARM
		Release|iPhone = Release|iPhone
		Release|iPhoneSimulator = Release|iPhoneSimulator
		Release|x64 = Release|x64
		Release|x86 = Release|x86
	EndGlobalSection
	GlobalSection(ProjectConfigurationPlatforms) = postSolution
		{44D6D7E8-9CD7-4978-9021-02769D6E1EE1}.Debug|Any CPU.ActiveCfg = Debug|x64
		{44D6D7E8-9CD7-4978-9021-02769D6E1EE1}.Debug|Any CPU.Build.0 = Debug|x64
		{44D6D7E8-9CD7-4978-9021-02769D6E1EE1}.Debug|Any CPU.Deploy.0 = Debug|x64
		{44D6D7E8-9CD7-4978-9021-02769D6E1EE1}.Debug|ARM.ActiveCfg = Debug|ARM
		{44D6D7E8-9CD7-4978-9021-02769D6E1EE1}.Debug|ARM.Build.0 = Debug|ARM
		{44D6D7E8-9CD7-4978-9021-02769D6E1EE1}.Debug|ARM.Deploy.0 = Debug|ARM
		{44D6D7E8-9CD7-4978-9021-02769D6E1EE1}.Debug|iPhone.ActiveCfg = Debug|x64
		{44D6D7E8-9CD7-4978-9021-02769D6E1EE1}.Debug|iPhone.Build.0 = Debug|x64
		{44D6D7E8-9CD7-4978-9021-02769D6E1EE1}.Debug|iPhone.Deploy.0 = Debug|x64
		{44D6D7E8-9CD7-4978-9021-02769D6E1EE1}.Debug|iPhoneSimulator.ActiveCfg = Debug|x64
		{44D6D7E8-9CD7-4978-9021-02769D6E1EE1}.Debug|iPhoneSimulator.Build.0 = Debug|x64
		{44D6D7E8-9CD7-4978-9021-02769D6E1EE1}.Debug|iPhoneSimulator.Deploy.0 = Debug|x64
		{44D6D7E8-9CD7-4978-9021-02769D6E1EE1}.Debug|x64.ActiveCfg = Debug|x64
		{44D6D7E8-9CD7-4978-9021-02769D6E1EE1}.Debug|x64.Build.0 = Debug|x64
		{44D6D7E8-9CD7-4978-9021-02769D6E1EE1}.Debug|x64.Deploy.0 = Debug|x64
		{44D6D7E8-9CD7-4978-9021-02769D6E1EE1}.Debug|x86.ActiveCfg = Debug|x86
		{44D6D7E8-9CD7-4978-9021-02769D6E1EE1}.Debug|x86.Build.0 = Debug|x86
		{44D6D7E8-9CD7-4978-9021-02769D6E1EE1}.Debug|x86.Deploy.0 = Debug|x86
		{44D6D7E8-9CD7-4978-9021-02769D6E1EE1}.Release|Any CPU.ActiveCfg = Release|x64
		{44D6D7E8-9CD7-4978-9021-02769D6E1EE1}.Release|Any CPU.Build.0 = Release|x64
		{44D6D7E8-9CD7-4978-9021-02769D6E1EE1}.Release|Any CPU.Deploy.0 = Release|x64
		{44D6D7E8-9CD7-4978-9021-02769D6E1EE1}.Release|ARM.ActiveCfg = Release|ARM
		{44D6D7E8-9CD7-4978-9021-02769D6E1EE1}.Release|ARM.Build.0 = Release|ARM
		{44D6D7E8-9CD7-4978-9021-02769D6E1EE1}.Release|ARM.Deploy.0 = Release|ARM
		{44D6D7E8-9CD7-4978-9021-02769D6E1EE1}.Release|iPhone.ActiveCfg = Release|x64
		{44D6D7E8-9CD7-4978-9021-02769D6E1EE1}.Release|iPhone.Build.0 = Release|x64
		{44D6D7E8-9CD7-4978-9021-02769D6E1EE1}.Release|iPhone.Deploy.0 = Release|x64
		{44D6D7E8-9CD7-4978-9021-02769D6E1EE1}.Release|iPhoneSimulator.ActiveCfg = Release|x64
		{44D6D7E8-9CD7-4978-9021-02769D6E1EE1}.Release|iPhoneSimulator.Build.0 = Release|x64
		{44D6D7E8-9CD7-4978-9021-02769D6E1EE1}.Release|iPhoneSimulator.Deploy.0 = Release|x64
		{44D6D7E8-9CD7-4978-9021-02769D6E1EE1}.Release|x64.ActiveCfg = Release|x64
		{44D6D7E8-9CD7-4978-9021-02769D6E1EE1}.Release|x64.Build.0 = Release|x64
		{44D6D7E8-9CD7-4978-9021-02769D6E1EE1}.Release|x64.Deploy.0 = Release|x64
		{44D6D7E8-9CD7-4978-9021-02769D6E1EE1}.Release|x86.ActiveCfg = Release|x86
		{44D6D7E8-9CD7-4978-9021-02769D6E1EE1}.Release|x86.Build.0 = Release|x86
		{44D6D7E8-9CD7-4978-9021-02769D6E1EE1}.Release|x86.Deploy.0 = Release|x86
		{5956E866-5D96-4127-AED5-A5B567160793}.Debug|Any CPU.ActiveCfg = Debug|Any CPU
		{5956E866-5D96-4127-AED5-A5B567160793}.Debug|Any CPU.Build.0 = Debug|Any CPU
		{5956E866-5D96-4127-AED5-A5B567160793}.Debug|Any CPU.Deploy.0 = Debug|Any CPU
		{5956E866-5D96-4127-AED5-A5B567160793}.Debug|ARM.ActiveCfg = Debug|Any CPU
		{5956E866-5D96-4127-AED5-A5B567160793}.Debug|ARM.Build.0 = Debug|Any CPU
		{5956E866-5D96-4127-AED5-A5B567160793}.Debug|ARM.Deploy.0 = Debug|Any CPU
		{5956E866-5D96-4127-AED5-A5B567160793}.Debug|iPhone.ActiveCfg = Debug|Any CPU
		{5956E866-5D96-4127-AED5-A5B567160793}.Debug|iPhone.Build.0 = Debug|Any CPU
		{5956E866-5D96-4127-AED5-A5B567160793}.Debug|iPhone.Deploy.0 = Debug|Any CPU
		{5956E866-5D96-4127-AED5-A5B567160793}.Debug|iPhoneSimulator.ActiveCfg = Debug|Any CPU
		{5956E866-5D96-4127-AED5-A5B567160793}.Debug|iPhoneSimulator.Build.0 = Debug|Any CPU
		{5956E866-5D96-4127-AED5-A5B567160793}.Debug|iPhoneSimulator.Deploy.0 = Debug|Any CPU
		{5956E866-5D96-4127-AED5-A5B567160793}.Debug|x64.ActiveCfg = Debug|Any CPU
		{5956E866-5D96-4127-AED5-A5B567160793}.Debug|x64.Build.0 = Debug|Any CPU
		{5956E866-5D96-4127-AED5-A5B567160793}.Debug|x64.Deploy.0 = Debug|Any CPU
		{5956E866-5D96-4127-AED5-A5B567160793}.Debug|x86.ActiveCfg = Debug|Any CPU
		{5956E866-5D96-4127-AED5-A5B567160793}.Debug|x86.Build.0 = Debug|Any CPU
		{5956E866-5D96-4127-AED5-A5B567160793}.Debug|x86.Deploy.0 = Debug|Any CPU
		{5956E866-5D96-4127-AED5-A5B567160793}.Release|Any CPU.ActiveCfg = Release|Any CPU
		{5956E866-5D96-4127-AED5-A5B567160793}.Release|Any CPU.Build.0 = Release|Any CPU
		{5956E866-5D96-4127-AED5-A5B567160793}.Release|Any CPU.Deploy.0 = Release|Any CPU
		{5956E866-5D96-4127-AED5-A5B567160793}.Release|ARM.ActiveCfg = Release|Any CPU
		{5956E866-5D96-4127-AED5-A5B567160793}.Release|ARM.Build.0 = Release|Any CPU
		{5956E866-5D96-4127-AED5-A5B567160793}.Release|ARM.Deploy.0 = Release|Any CPU
		{5956E866-5D96-4127-AED5-A5B567160793}.Release|iPhone.ActiveCfg = Release|Any CPU
		{5956E866-5D96-4127-AED5-A5B567160793}.Release|iPhone.Build.0 = Release|Any CPU
		{5956E866-5D96-4127-AED5-A5B567160793}.Release|iPhone.Deploy.0 = Release|Any CPU
		{5956E866-5D96-4127-AED5-A5B567160793}.Release|iPhoneSimulator.ActiveCfg = Release|Any CPU
		{5956E866-5D96-4127-AED5-A5B567160793}.Release|iPhoneSimulator.Build.0 = Release|Any CPU
		{5956E866-5D96-4127-AED5-A5B567160793}.Release|iPhoneSimulator.Deploy.0 = Release|Any CPU
		{5956E866-5D96-4127-AED5-A5B567160793}.Release|x64.ActiveCfg = Release|Any CPU
		{5956E866-5D96-4127-AED5-A5B567160793}.Release|x64.Build.0 = Release|Any CPU
		{5956E866-5D96-4127-AED5-A5B567160793}.Release|x64.Deploy.0 = Release|Any CPU
		{5956E866-5D96-4127-AED5-A5B567160793}.Release|x86.ActiveCfg = Release|Any CPU
		{5956E866-5D96-4127-AED5-A5B567160793}.Release|x86.Build.0 = Release|Any CPU
		{5956E866-5D96-4127-AED5-A5B567160793}.Release|x86.Deploy.0 = Release|Any CPU
		{15BD7C70-4839-4D38-9E68-8C7D1BEC9B78}.Debug|Any CPU.ActiveCfg = Debug|iPhoneSimulator
		{15BD7C70-4839-4D38-9E68-8C7D1BEC9B78}.Debug|Any CPU.Build.0 = Debug|iPhoneSimulator
		{15BD7C70-4839-4D38-9E68-8C7D1BEC9B78}.Debug|Any CPU.Deploy.0 = Debug|iPhoneSimulator
		{15BD7C70-4839-4D38-9E68-8C7D1BEC9B78}.Debug|ARM.ActiveCfg = Debug|iPhoneSimulator
		{15BD7C70-4839-4D38-9E68-8C7D1BEC9B78}.Debug|ARM.Build.0 = Debug|iPhoneSimulator
		{15BD7C70-4839-4D38-9E68-8C7D1BEC9B78}.Debug|ARM.Deploy.0 = Debug|iPhoneSimulator
		{15BD7C70-4839-4D38-9E68-8C7D1BEC9B78}.Debug|iPhone.ActiveCfg = Debug|iPhone
		{15BD7C70-4839-4D38-9E68-8C7D1BEC9B78}.Debug|iPhone.Build.0 = Debug|iPhone
		{15BD7C70-4839-4D38-9E68-8C7D1BEC9B78}.Debug|iPhone.Deploy.0 = Debug|iPhone
		{15BD7C70-4839-4D38-9E68-8C7D1BEC9B78}.Debug|iPhoneSimulator.ActiveCfg = Debug|iPhoneSimulator
		{15BD7C70-4839-4D38-9E68-8C7D1BEC9B78}.Debug|iPhoneSimulator.Build.0 = Debug|iPhoneSimulator
		{15BD7C70-4839-4D38-9E68-8C7D1BEC9B78}.Debug|iPhoneSimulator.Deploy.0 = Debug|iPhoneSimulator
		{15BD7C70-4839-4D38-9E68-8C7D1BEC9B78}.Debug|x64.ActiveCfg = Debug|iPhone
		{15BD7C70-4839-4D38-9E68-8C7D1BEC9B78}.Debug|x64.Build.0 = Debug|iPhone
		{15BD7C70-4839-4D38-9E68-8C7D1BEC9B78}.Debug|x64.Deploy.0 = Debug|iPhone
		{15BD7C70-4839-4D38-9E68-8C7D1BEC9B78}.Debug|x86.ActiveCfg = Debug|iPhoneSimulator
		{15BD7C70-4839-4D38-9E68-8C7D1BEC9B78}.Debug|x86.Build.0 = Debug|iPhoneSimulator
		{15BD7C70-4839-4D38-9E68-8C7D1BEC9B78}.Debug|x86.Deploy.0 = Debug|iPhoneSimulator
		{15BD7C70-4839-4D38-9E68-8C7D1BEC9B78}.Release|Any CPU.ActiveCfg = Release|iPhoneSimulator
		{15BD7C70-4839-4D38-9E68-8C7D1BEC9B78}.Release|Any CPU.Build.0 = Release|iPhoneSimulator
		{15BD7C70-4839-4D38-9E68-8C7D1BEC9B78}.Release|Any CPU.Deploy.0 = Release|iPhoneSimulator
		{15BD7C70-4839-4D38-9E68-8C7D1BEC9B78}.Release|ARM.ActiveCfg = Release|iPhoneSimulator
		{15BD7C70-4839-4D38-9E68-8C7D1BEC9B78}.Release|ARM.Build.0 = Release|iPhoneSimulator
		{15BD7C70-4839-4D38-9E68-8C7D1BEC9B78}.Release|ARM.Deploy.0 = Release|iPhoneSimulator
		{15BD7C70-4839-4D38-9E68-8C7D1BEC9B78}.Release|iPhone.ActiveCfg = Release|iPhone
		{15BD7C70-4839-4D38-9E68-8C7D1BEC9B78}.Release|iPhone.Build.0 = Release|iPhone
		{15BD7C70-4839-4D38-9E68-8C7D1BEC9B78}.Release|iPhone.Deploy.0 = Release|iPhone
		{15BD7C70-4839-4D38-9E68-8C7D1BEC9B78}.Release|iPhoneSimulator.ActiveCfg = Release|iPhoneSimulator
		{15BD7C70-4839-4D38-9E68-8C7D1BEC9B78}.Release|iPhoneSimulator.Build.0 = Release|iPhoneSimulator
		{15BD7C70-4839-4D38-9E68-8C7D1BEC9B78}.Release|iPhoneSimulator.Deploy.0 = Release|iPhoneSimulator
		{15BD7C70-4839-4D38-9E68-8C7D1BEC9B78}.Release|x64.ActiveCfg = Release|iPhoneSimulator
		{15BD7C70-4839-4D38-9E68-8C7D1BEC9B78}.Release|x64.Build.0 = Release|iPhoneSimulator
		{15BD7C70-4839-4D38-9E68-8C7D1BEC9B78}.Release|x64.Deploy.0 = Release|iPhoneSimulator
		{15BD7C70-4839-4D38-9E68-8C7D1BEC9B78}.Release|x86.ActiveCfg = Release|iPhoneSimulator
		{15BD7C70-4839-4D38-9E68-8C7D1BEC9B78}.Release|x86.Build.0 = Release|iPhoneSimulator
		{15BD7C70-4839-4D38-9E68-8C7D1BEC9B78}.Release|x86.Deploy.0 = Release|iPhoneSimulator
		{934B2CD3-37DD-45A2-B662-88132DEF9E99}.Debug|Any CPU.ActiveCfg = Debug|Any CPU
		{934B2CD3-37DD-45A2-B662-88132DEF9E99}.Debug|Any CPU.Build.0 = Debug|Any CPU
		{934B2CD3-37DD-45A2-B662-88132DEF9E99}.Debug|Any CPU.Deploy.0 = Debug|Any CPU
		{934B2CD3-37DD-45A2-B662-88132DEF9E99}.Debug|ARM.ActiveCfg = Debug|Any CPU
		{934B2CD3-37DD-45A2-B662-88132DEF9E99}.Debug|ARM.Build.0 = Debug|Any CPU
		{934B2CD3-37DD-45A2-B662-88132DEF9E99}.Debug|ARM.Deploy.0 = Debug|Any CPU
		{934B2CD3-37DD-45A2-B662-88132DEF9E99}.Debug|iPhone.ActiveCfg = Debug|Any CPU
		{934B2CD3-37DD-45A2-B662-88132DEF9E99}.Debug|iPhone.Build.0 = Debug|Any CPU
		{934B2CD3-37DD-45A2-B662-88132DEF9E99}.Debug|iPhone.Deploy.0 = Debug|Any CPU
		{934B2CD3-37DD-45A2-B662-88132DEF9E99}.Debug|iPhoneSimulator.ActiveCfg = Debug|Any CPU
		{934B2CD3-37DD-45A2-B662-88132DEF9E99}.Debug|iPhoneSimulator.Build.0 = Debug|Any CPU
		{934B2CD3-37DD-45A2-B662-88132DEF9E99}.Debug|iPhoneSimulator.Deploy.0 = Debug|Any CPU
		{934B2CD3-37DD-45A2-B662-88132DEF9E99}.Debug|x64.ActiveCfg = Debug|Any CPU
		{934B2CD3-37DD-45A2-B662-88132DEF9E99}.Debug|x64.Build.0 = Debug|Any CPU
		{934B2CD3-37DD-45A2-B662-88132DEF9E99}.Debug|x64.Deploy.0 = Debug|Any CPU
		{934B2CD3-37DD-45A2-B662-88132DEF9E99}.Debug|x86.ActiveCfg = Debug|Any CPU
		{934B2CD3-37DD-45A2-B662-88132DEF9E99}.Debug|x86.Build.0 = Debug|Any CPU
		{934B2CD3-37DD-45A2-B662-88132DEF9E99}.Debug|x86.Deploy.0 = Debug|Any CPU
		{934B2CD3-37DD-45A2-B662-88132DEF9E99}.Release|Any CPU.ActiveCfg = Release|Any CPU
		{934B2CD3-37DD-45A2-B662-88132DEF9E99}.Release|Any CPU.Build.0 = Release|Any CPU
		{934B2CD3-37DD-45A2-B662-88132DEF9E99}.Release|Any CPU.Deploy.0 = Release|Any CPU
		{934B2CD3-37DD-45A2-B662-88132DEF9E99}.Release|ARM.ActiveCfg = Release|Any CPU
		{934B2CD3-37DD-45A2-B662-88132DEF9E99}.Release|ARM.Build.0 = Release|Any CPU
		{934B2CD3-37DD-45A2-B662-88132DEF9E99}.Release|ARM.Deploy.0 = Release|Any CPU
		{934B2CD3-37DD-45A2-B662-88132DEF9E99}.Release|iPhone.ActiveCfg = Release|Any CPU
		{934B2CD3-37DD-45A2-B662-88132DEF9E99}.Release|iPhone.Build.0 = Release|Any CPU
		{934B2CD3-37DD-45A2-B662-88132DEF9E99}.Release|iPhone.Deploy.0 = Release|Any CPU
		{934B2CD3-37DD-45A2-B662-88132DEF9E99}.Release|iPhoneSimulator.ActiveCfg = Release|Any CPU
		{934B2CD3-37DD-45A2-B662-88132DEF9E99}.Release|iPhoneSimulator.Build.0 = Release|Any CPU
		{934B2CD3-37DD-45A2-B662-88132DEF9E99}.Release|iPhoneSimulator.Deploy.0 = Release|Any CPU
		{934B2CD3-37DD-45A2-B662-88132DEF9E99}.Release|x64.ActiveCfg = Release|Any CPU
		{934B2CD3-37DD-45A2-B662-88132DEF9E99}.Release|x64.Build.0 = Release|Any CPU
		{934B2CD3-37DD-45A2-B662-88132DEF9E99}.Release|x64.Deploy.0 = Release|Any CPU
		{934B2CD3-37DD-45A2-B662-88132DEF9E99}.Release|x86.ActiveCfg = Release|Any CPU
		{934B2CD3-37DD-45A2-B662-88132DEF9E99}.Release|x86.Build.0 = Release|Any CPU
		{934B2CD3-37DD-45A2-B662-88132DEF9E99}.Release|x86.Deploy.0 = Release|Any CPU
	EndGlobalSection
	GlobalSection(SolutionProperties) = preSolution
		HideSolutionNode = FALSE
	EndGlobalSection
	GlobalSection(ExtensibilityGlobals) = postSolution
		SolutionGuid = {8EE15146-869C-4E57-8823-7D37D3FEA20A}
	EndGlobalSection
EndGlobal
